schema: '2.0'
stages:
  ingestion:
    cmd: python -m src.training.components.data_ingestion
    deps:
    - path: data/dataset.csv
      hash: md5
      md5: 21d441a28bce4417276097df955afc50
      size: 2928
    - path: src/training/components/data_ingestion.py
      hash: md5
      md5: aa79080c990b8fa3c2c2ce879e43a3df
      size: 6523
    params:
      params.yaml:
        ingestion.dataset_path: data\housing.csv
        ingestion.min_rows: 100
        ingestion.random_state: 42
        ingestion.raw_path: artifacts/data_ingestion/raw.csv
        ingestion.stratify: true
        ingestion.target_column: median_house_value
        ingestion.task_type: regression
        ingestion.test_path: artifacts/data_ingestion/test.csv
        ingestion.test_size: 0.2
        ingestion.train_path: artifacts/data_ingestion/train.csv
    outs:
    - path: artifacts/data_ingestion/raw.csv
      hash: md5
      md5: e2727d25f2d2ef8d2735abe99540ec51
      size: 1444170
    - path: artifacts/data_ingestion/test.csv
      hash: md5
      md5: 081c945bf4b403b25c21e0af75406e85
      size: 287971
    - path: artifacts/data_ingestion/train.csv
      hash: md5
      md5: 52b366f8bc6d63bfcd9fdbb16dbcb4aa
      size: 1156336
  validation:
    cmd: python -m src.training.components.data_validation
    deps:
    - path: artifacts/data_ingestion/test.csv
      hash: md5
      md5: 081c945bf4b403b25c21e0af75406e85
      size: 287971
    - path: artifacts/data_ingestion/train.csv
      hash: md5
      md5: 52b366f8bc6d63bfcd9fdbb16dbcb4aa
      size: 1156336
    - path: src/training/components/data_validation.py
      hash: md5
      md5: ccf3bd0e5363f5ed2d30ee7618d704da
      size: 13065
    params:
      params.yaml:
        validation.drift_threshold: 0.5
        validation.imbalance_threshold: 0.9
        validation.missing_value_threshold: 0.2
        validation.report_path: artifacts/data_validation/validation_report.json
        validation.schema:
          columns:
            longitude: float64
            latitude: float64
            housing_median_age: float64
            total_rooms: float64
            total_bedrooms: float64
            population: float64
            households: float64
            median_income: float64
            median_house_value: float64
            ocean_proximity: str
        validation.target_column: median_house_value
        validation.test_path: artifacts/data_ingestion/test.csv
        validation.train_path: artifacts/data_ingestion/train.csv
    outs:
    - path: artifacts/data_validation/validation_report.json
      hash: md5
      md5: b5f0123ee7243261b4cd0e13ed23f6dc
      size: 197751
  transformation:
    cmd: python -m src.training.components.data_transformation
    deps:
    - path: artifacts/data_ingestion/test.csv
      hash: md5
      md5: 081c945bf4b403b25c21e0af75406e85
      size: 287971
    - path: artifacts/data_ingestion/train.csv
      hash: md5
      md5: 52b366f8bc6d63bfcd9fdbb16dbcb4aa
      size: 1156336
    - path: src/training/components/data_transformation.py
      hash: md5
      md5: e3a783464f4d1d7cac9d45a642329b33
      size: 19219
    params:
      params.yaml:
        transformation.categorical_columns:
        transformation.categorical_imputation_strategy: most_frequent
        transformation.feature_selection_method: mutual_info
        transformation.feature_selection_mode: auto
        transformation.n_features: 5
        transformation.numerical_columns:
        transformation.numerical_imputation_strategy: mean
        transformation.preprocessor_object_path: 
          artifacts/data_transformation/preprocessor.pkl
        transformation.scaling_method: standard
        transformation.selected_features: []
        transformation.target_column: median_house_value
        transformation.task_type: regression
        transformation.test_path: artifacts/data_ingestion/test.csv
        transformation.train_path: artifacts/data_ingestion/train.csv
        transformation.transformed_test_path: 
          artifacts/data_transformation/transformed_test.csv
        transformation.transformed_train_path: 
          artifacts/data_transformation/transformed_train.csv
    outs:
    - path: artifacts/data_transformation/preprocessor.pkl
      hash: md5
      md5: aca8ed8b5f8ce2bc1a627b0cad52a6f2
      size: 2438
    - path: artifacts/data_transformation/transformed_test.csv
      hash: md5
      md5: 0425b2cc623b6e7a26b6a428bd7c99a6
      size: 447218
    - path: artifacts/data_transformation/transformed_train.csv
      hash: md5
      md5: 08e0542ffe59b13673d692c41a920df1
      size: 1788484
  training:
    cmd: python -m src.training.components.model_trainer
    deps:
    - path: artifacts/data_transformation/transformed_test.csv
      hash: md5
      md5: 0425b2cc623b6e7a26b6a428bd7c99a6
      size: 447218
    - path: artifacts/data_transformation/transformed_train.csv
      hash: md5
      md5: 08e0542ffe59b13673d692c41a920df1
      size: 1788484
    - path: src/training/components/model_trainer.py
      hash: md5
      md5: 4ba761447dc667921464b2c465afad7e
      size: 15696
    params:
      params.yaml:
        training.evaluation_metric: r2
        training.model_list: []
        training.model_output_dir: models/training
        training.random_state: 42
        training.report_path: artifacts/model_trainer/model_training_report.json
        training.selected_model: random_forest_regressor
        training.target_column: median_house_value
        training.task_type: regression
        training.training_mode: auto
        training.transformed_test_path: 
          artifacts/data_transformation/transformed_test.csv
        training.transformed_train_path: 
          artifacts/data_transformation/transformed_train.csv
    outs:
    - path: artifacts/model_trainer/model_training_report.json
      hash: md5
      md5: 90f1b73f9cde65c177ecf08b30fb9e73
      size: 2252
    - path: models/training/model_1.pkl
      hash: md5
      md5: fe12cd9c0b244bc07acec0f8e470ce5c
      size: 1117712
    - path: models/training/model_2.pkl
      hash: md5
      md5: 21bf5117d5e263cc2f4ee95e65425feb
      size: 447917
    - path: models/training/model_3.pkl
      hash: md5
      md5: b736e1b620e79af2957238c6a7763ff3
      size: 288060
  tuning:
    cmd: python -m src.training.components.model_tuner
    deps:
    - path: artifacts/data_transformation/transformed_test.csv
      hash: md5
      md5: 0425b2cc623b6e7a26b6a428bd7c99a6
      size: 447218
    - path: artifacts/data_transformation/transformed_train.csv
      hash: md5
      md5: 08e0542ffe59b13673d692c41a920df1
      size: 1788484
    - path: artifacts/model_trainer/model_training_report.json
      hash: md5
      md5: 90f1b73f9cde65c177ecf08b30fb9e73
      size: 2252
    - path: models/training/model_1.pkl
      hash: md5
      md5: fe12cd9c0b244bc07acec0f8e470ce5c
      size: 1117712
    - path: models/training/model_2.pkl
      hash: md5
      md5: 21bf5117d5e263cc2f4ee95e65425feb
      size: 447917
    - path: models/training/model_3.pkl
      hash: md5
      md5: b736e1b620e79af2957238c6a7763ff3
      size: 288060
    - path: src/training/components/model_tuner.py
      hash: md5
      md5: c9ff6071bfdd3d85711d751699f9af45
      size: 21356
    params:
      params.yaml:
        tuning.cv: 3
        tuning.model_trainer_report_path: 
          artifacts/model_trainer/model_training_report.json
        tuning.models_to_tune: top_k
        tuning.n_iter: 5
        tuning.n_jobs: 1
        tuning.random_state: 42
        tuning.report_path: artifacts/model_tuner/model_tuning_report.json
        tuning.scoring_metric: r2
        tuning.target_column: median_house_value
        tuning.task_type: regression
        tuning.top_k: 3
        tuning.transformed_test_path: 
          artifacts/data_transformation/transformed_test.csv
        tuning.transformed_train_path: 
          artifacts/data_transformation/transformed_train.csv
        tuning.tuner_output_dir: models/tuning
    outs:
    - path: artifacts/model_tuner/model_tuning_report.json
      hash: md5
      md5: 6e3413b0bf24d7bdf0581f1cfe5392f1
      size: 2225
    - path: models/tuning/tuned_model_1.pkl
      hash: md5
      md5: 72195f903d8fff20731e3195d8446c8e
      size: 1600303
    - path: models/tuning/tuned_model_2.pkl
      hash: md5
      md5: 8685575cdb3c9839485999147f536128
      size: 6383897
    - path: models/tuning/tuned_model_3.pkl
      hash: md5
      md5: c59d1653d5063482e9bcc1e62bd49518
      size: 341603
  evaluation:
    cmd: python -m src.training.components.model_evaluation
    deps:
    - path: artifacts/data_transformation/transformed_test.csv
      hash: md5
      md5: 0425b2cc623b6e7a26b6a428bd7c99a6
      size: 447218
    - path: artifacts/model_trainer/model_training_report.json
      hash: md5
      md5: 90f1b73f9cde65c177ecf08b30fb9e73
      size: 2252
    - path: artifacts/model_tuner/model_tuning_report.json
      hash: md5
      md5: 6e3413b0bf24d7bdf0581f1cfe5392f1
      size: 2225
    - path: models/training/model_1.pkl
      hash: md5
      md5: fe12cd9c0b244bc07acec0f8e470ce5c
      size: 1117712
    - path: models/training/model_2.pkl
      hash: md5
      md5: 21bf5117d5e263cc2f4ee95e65425feb
      size: 447917
    - path: models/training/model_3.pkl
      hash: md5
      md5: b736e1b620e79af2957238c6a7763ff3
      size: 288060
    - path: models/tuning/tuned_model_1.pkl
      hash: md5
      md5: 72195f903d8fff20731e3195d8446c8e
      size: 1600303
    - path: models/tuning/tuned_model_2.pkl
      hash: md5
      md5: 8685575cdb3c9839485999147f536128
      size: 6383897
    - path: models/tuning/tuned_model_3.pkl
      hash: md5
      md5: c59d1653d5063482e9bcc1e62bd49518
      size: 341603
    - path: src/training/components/model_evaluation.py
      hash: md5
      md5: 9041e0caf5a21f200f57a5cbca9e065f
      size: 16152
    params:
      params.yaml:
        evaluation.baseline_model_dir: models/training
        evaluation.baseline_model_paths: []
        evaluation.evaluation_metric: r2
        evaluation.evaluator_output_path: models/final/final_model.pkl
        evaluation.minimum_performance_threshold: 0.6
        evaluation.overfitting_threshold: 0.1
        evaluation.report_path: 
          artifacts/model_evaluator/model_evaluation_report.json
        evaluation.target_column: median_house_value
        evaluation.task_type: regression
        evaluation.trainer_report_path: 
          artifacts/model_trainer/model_training_report.json
        evaluation.transformed_test_path: 
          artifacts/data_transformation/transformed_test.csv
        evaluation.tuned_model_dir: models/tuning
        evaluation.tuned_model_paths: []
        evaluation.tuner_report_path: 
          artifacts/model_tuner/model_tuning_report.json
    outs:
    - path: artifacts/model_evaluator/model_evaluation_report.json
      hash: md5
      md5: 72078eee8dcda17eb09cc8d529d494c9
      size: 3492
    - path: models/final/final_model.pkl
      hash: md5
      md5: 50a15cfd51ec631ed007f19e9e5e4aa2
      size: 1117704
